
Microsoft Visual Studio Solution File, Format Version 12.00
# Visual Studio 15
VisualStudioVersion = 15.0.28307.779
MinimumVisualStudioVersion = 10.0.40219.1
Project("{FAE04EC0-301F-11D3-BF4B-00C04F79EFBC}") = "AppModuleOne.Android", "AppModuleOne\AppModuleOne.Android\AppModuleOne.Android.csproj", "{FAC7FFBB-3C3A-4C50-A010-0E5F7D1F4266}"
EndProject
Project("{FAE04EC0-301F-11D3-BF4B-00C04F79EFBC}") = "AppModuleOne.iOS", "AppModuleOne\AppModuleOne.iOS\AppModuleOne.iOS.csproj", "{84243BAE-7BE3-4A82-A081-A52F558C808F}"
EndProject
Project("{FAE04EC0-301F-11D3-BF4B-00C04F79EFBC}") = "AppModuleOne", "AppModuleOne\AppModuleOne\AppModuleOne.csproj", "{FF8CE760-EB17-4394-945F-415B867A9E46}"
EndProject
Global
	GlobalSection(SolutionConfigurationPlatforms) = preSolution
		Ad-Hoc|Any CPU = Ad-Hoc|Any CPU
		Ad-Hoc|iPhone = Ad-Hoc|iPhone
		Ad-Hoc|iPhoneSimulator = Ad-Hoc|iPhoneSimulator
		AppStore|Any CPU = AppStore|Any CPU
		AppStore|iPhone = AppStore|iPhone
		AppStore|iPhoneSimulator = AppStore|iPhoneSimulator
		Debug|Any CPU = Debug|Any CPU
		Debug|iPhone = Debug|iPhone
		Debug|iPhoneSimulator = Debug|iPhoneSimulator
		Release|Any CPU = Release|Any CPU
		Release|iPhone = Release|iPhone
		Release|iPhoneSimulator = Release|iPhoneSimulator
	EndGlobalSection
	GlobalSection(ProjectConfigurationPlatforms) = postSolution
		{FAC7FFBB-3C3A-4C50-A010-0E5F7D1F4266}.Ad-Hoc|Any CPU.ActiveCfg = Release|Any CPU
		{FAC7FFBB-3C3A-4C50-A010-0E5F7D1F4266}.Ad-Hoc|Any CPU.Build.0 = Release|Any CPU
		{FAC7FFBB-3C3A-4C50-A010-0E5F7D1F4266}.Ad-Hoc|Any CPU.Deploy.0 = Release|Any CPU
		{FAC7FFBB-3C3A-4C50-A010-0E5F7D1F4266}.Ad-Hoc|iPhone.ActiveCfg = Release|Any CPU
		{FAC7FFBB-3C3A-4C50-A010-0E5F7D1F4266}.Ad-Hoc|iPhone.Build.0 = Release|Any CPU
		{FAC7FFBB-3C3A-4C50-A010-0E5F7D1F4266}.Ad-Hoc|iPhone.Deploy.0 = Release|Any CPU
		{FAC7FFBB-3C3A-4C50-A010-0E5F7D1F4266}.Ad-Hoc|iPhoneSimulator.ActiveCfg = Release|Any CPU
		{FAC7FFBB-3C3A-4C50-A010-0E5F7D1F4266}.Ad-Hoc|iPhoneSimulator.Build.0 = Release|Any CPU
		{FAC7FFBB-3C3A-4C50-A010-0E5F7D1F4266}.Ad-Hoc|iPhoneSimulator.Deploy.0 = Release|Any CPU
		{FAC7FFBB-3C3A-4C50-A010-0E5F7D1F4266}.AppStore|Any CPU.ActiveCfg = Release|Any CPU
		{FAC7FFBB-3C3A-4C50-A010-0E5F7D1F4266}.AppStore|Any CPU.Build.0 = Release|Any CPU
		{FAC7FFBB-3C3A-4C50-A010-0E5F7D1F4266}.AppStore|Any CPU.Deploy.0 = Release|Any CPU
		{FAC7FFBB-3C3A-4C50-A010-0E5F7D1F4266}.AppStore|iPhone.ActiveCfg = Release|Any CPU
		{FAC7FFBB-3C3A-4C50-A010-0E5F7D1F4266}.AppStore|iPhone.Build.0 = Release|Any CPU
		{FAC7FFBB-3C3A-4C50-A010-0E5F7D1F4266}.AppStore|iPhone.Deploy.0 = Release|Any CPU
		{FAC7FFBB-3C3A-4C50-A010-0E5F7D1F4266}.AppStore|iPhoneSimulator.ActiveCfg = Release|Any CPU
		{FAC7FFBB-3C3A-4C50-A010-0E5F7D1F4266}.AppStore|iPhoneSimulator.Build.0 = Release|Any CPU
		{FAC7FFBB-3C3A-4C50-A010-0E5F7D1F4266}.AppStore|iPhoneSimulator.Deploy.0 = Release|Any CPU
		{FAC7FFBB-3C3A-4C50-A010-0E5F7D1F4266}.Debug|Any CPU.ActiveCfg = Debug|Any CPU
		{FAC7FFBB-3C3A-4C50-A010-0E5F7D1F4266}.Debug|Any CPU.Build.0 = Debug|Any CPU
		{FAC7FFBB-3C3A-4C50-A010-0E5F7D1F4266}.Debug|Any CPU.Deploy.0 = Debug|Any CPU
		{FAC7FFBB-3C3A-4C50-A010-0E5F7D1F4266}.Debug|iPhone.ActiveCfg = Debug|Any CPU
		{FAC7FFBB-3C3A-4C50-A010-0E5F7D1F4266}.Debug|iPhone.Build.0 = Debug|Any CPU
		{FAC7FFBB-3C3A-4C50-A010-0E5F7D1F4266}.Debug|iPhone.Deploy.0 = Debug|Any CPU
		{FAC7FFBB-3C3A-4C50-A010-0E5F7D1F4266}.Debug|iPhoneSimulator.ActiveCfg = Debug|Any CPU
		{FAC7FFBB-3C3A-4C50-A010-0E5F7D1F4266}.Debug|iPhoneSimulator.Build.0 = Debug|Any CPU
		{FAC7FFBB-3C3A-4C50-A010-0E5F7D1F4266}.Debug|iPhoneSimulator.Deploy.0 = Debug|Any CPU
		{FAC7FFBB-3C3A-4C50-A010-0E5F7D1F4266}.Release|Any CPU.ActiveCfg = Release|Any CPU
		{FAC7FFBB-3C3A-4C50-A010-0E5F7D1F4266}.Release|Any CPU.Build.0 = Release|Any CPU
		{FAC7FFBB-3C3A-4C50-A010-0E5F7D1F4266}.Release|Any CPU.Deploy.0 = Release|Any CPU
		{FAC7FFBB-3C3A-4C50-A010-0E5F7D1F4266}.Release|iPhone.ActiveCfg = Release|Any CPU
		{FAC7FFBB-3C3A-4C50-A010-0E5F7D1F4266}.Release|iPhone.Build.0 = Release|Any CPU
		{FAC7FFBB-3C3A-4C50-A010-0E5F7D1F4266}.Release|iPhone.Deploy.0 = Release|Any CPU
		{FAC7FFBB-3C3A-4C50-A010-0E5F7D1F4266}.Release|iPhoneSimulator.ActiveCfg = Release|Any CPU
		{FAC7FFBB-3C3A-4C50-A010-0E5F7D1F4266}.Release|iPhoneSimulator.Build.0 = Release|Any CPU
		{FAC7FFBB-3C3A-4C50-A010-0E5F7D1F4266}.Release|iPhoneSimulator.Deploy.0 = Release|Any CPU
		{84243BAE-7BE3-4A82-A081-A52F558C808F}.Ad-Hoc|Any CPU.ActiveCfg = Ad-Hoc|iPhone
		{84243BAE-7BE3-4A82-A081-A52F558C808F}.Ad-Hoc|Any CPU.Build.0 = Ad-Hoc|iPhone
		{84243BAE-7BE3-4A82-A081-A52F558C808F}.Ad-Hoc|Any CPU.Deploy.0 = Ad-Hoc|iPhone
		{84243BAE-7BE3-4A82-A081-A52F558C808F}.Ad-Hoc|iPhone.ActiveCfg = Ad-Hoc|iPhone
		{84243BAE-7BE3-4A82-A081-A52F558C808F}.Ad-Hoc|iPhone.Build.0 = Ad-Hoc|iPhone
		{84243BAE-7BE3-4A82-A081-A52F558C808F}.Ad-Hoc|iPhone.Deploy.0 = Ad-Hoc|iPhone
		{84243BAE-7BE3-4A82-A081-A52F558C808F}.Ad-Hoc|iPhoneSimulator.ActiveCfg = Ad-Hoc|iPhoneSimulator
		{84243BAE-7BE3-4A82-A081-A52F558C808F}.Ad-Hoc|iPhoneSimulator.Build.0 = Ad-Hoc|iPhoneSimulator
		{84243BAE-7BE3-4A82-A081-A52F558C808F}.Ad-Hoc|iPhoneSimulator.Deploy.0 = Ad-Hoc|iPhoneSimulator
		{84243BAE-7BE3-4A82-A081-A52F558C808F}.AppStore|Any CPU.ActiveCfg = AppStore|iPhone
		{84243BAE-7BE3-4A82-A081-A52F558C808F}.AppStore|Any CPU.Build.0 = AppStore|iPhone
		{84243BAE-7BE3-4A82-A081-A52F558C808F}.AppStore|Any CPU.Deploy.0 = AppStore|iPhone
		{84243BAE-7BE3-4A82-A081-A52F558C808F}.AppStore|iPhone.ActiveCfg = AppStore|iPhone
		{84243BAE-7BE3-4A82-A081-A52F558C808F}.AppStore|iPhone.Build.0 = AppStore|iPhone
		{84243BAE-7BE3-4A82-A081-A52F558C808F}.AppStore|iPhone.Deploy.0 = AppStore|iPhone
		{84243BAE-7BE3-4A82-A081-A52F558C808F}.AppStore|iPhoneSimulator.ActiveCfg = AppStore|iPhoneSimulator
		{84243BAE-7BE3-4A82-A081-A52F558C808F}.AppStore|iPhoneSimulator.Build.0 = AppStore|iPhoneSimulator
		{84243BAE-7BE3-4A82-A081-A52F558C808F}.AppStore|iPhoneSimulator.Deploy.0 = AppStore|iPhoneSimulator
		{84243BAE-7BE3-4A82-A081-A52F558C808F}.Debug|Any CPU.ActiveCfg = Debug|iPhoneSimulator
		{84243BAE-7BE3-4A82-A081-A52F558C808F}.Debug|Any CPU.Build.0 = Debug|iPhoneSimulator
		{84243BAE-7BE3-4A82-A081-A52F558C808F}.Debug|Any CPU.Deploy.0 = Debug|iPhoneSimulator
		{84243BAE-7BE3-4A82-A081-A52F558C808F}.Debug|iPhone.ActiveCfg = Debug|iPhone
		{84243BAE-7BE3-4A82-A081-A52F558C808F}.Debug|iPhone.Build.0 = Debug|iPhone
		{84243BAE-7BE3-4A82-A081-A52F558C808F}.Debug|iPhone.Deploy.0 = Debug|iPhone
		{84243BAE-7BE3-4A82-A081-A52F558C808F}.Debug|iPhoneSimulator.ActiveCfg = Debug|iPhoneSimulator
		{84243BAE-7BE3-4A82-A081-A52F558C808F}.Debug|iPhoneSimulator.Build.0 = Debug|iPhoneSimulator
		{84243BAE-7BE3-4A82-A081-A52F558C808F}.Debug|iPhoneSimulator.Deploy.0 = Debug|iPhoneSimulator
		{84243BAE-7BE3-4A82-A081-A52F558C808F}.Release|Any CPU.ActiveCfg = Release|iPhone
		{84243BAE-7BE3-4A82-A081-A52F558C808F}.Release|Any CPU.Build.0 = Release|iPhone
		{84243BAE-7BE3-4A82-A081-A52F558C808F}.Release|Any CPU.Deploy.0 = Release|iPhone
		{84243BAE-7BE3-4A82-A081-A52F558C808F}.Release|iPhone.ActiveCfg = Release|iPhone
		{84243BAE-7BE3-4A82-A081-A52F558C808F}.Release|iPhone.Build.0 = Release|iPhone
		{84243BAE-7BE3-4A82-A081-A52F558C808F}.Release|iPhone.Deploy.0 = Release|iPhone
		{84243BAE-7BE3-4A82-A081-A52F558C808F}.Release|iPhoneSimulator.ActiveCfg = Release|iPhoneSimulator
		{84243BAE-7BE3-4A82-A081-A52F558C808F}.Release|iPhoneSimulator.Build.0 = Release|iPhoneSimulator
		{84243BAE-7BE3-4A82-A081-A52F558C808F}.Release|iPhoneSimulator.Deploy.0 = Release|iPhoneSimulator
		{FF8CE760-EB17-4394-945F-415B867A9E46}.Ad-Hoc|Any CPU.ActiveCfg = Debug|Any CPU
		{FF8CE760-EB17-4394-945F-415B867A9E46}.Ad-Hoc|Any CPU.Build.0 = Debug|Any CPU
		{FF8CE760-EB17-4394-945F-415B867A9E46}.Ad-Hoc|Any CPU.Deploy.0 = Debug|Any CPU
		{FF8CE760-EB17-4394-945F-415B867A9E46}.Ad-Hoc|iPhone.ActiveCfg = Debug|Any CPU
		{FF8CE760-EB17-4394-945F-415B867A9E46}.Ad-Hoc|iPhone.Build.0 = Debug|Any CPU
		{FF8CE760-EB17-4394-945F-415B867A9E46}.Ad-Hoc|iPhone.Deploy.0 = Debug|Any CPU
		{FF8CE760-EB17-4394-945F-415B867A9E46}.Ad-Hoc|iPhoneSimulator.ActiveCfg = Debug|Any CPU
		{FF8CE760-EB17-4394-945F-415B867A9E46}.Ad-Hoc|iPhoneSimulator.Build.0 = Debug|Any CPU
		{FF8CE760-EB17-4394-945F-415B867A9E46}.Ad-Hoc|iPhoneSimulator.Deploy.0 = Debug|Any CPU
		{FF8CE760-EB17-4394-945F-415B867A9E46}.AppStore|Any CPU.ActiveCfg = Debug|Any CPU
		{FF8CE760-EB17-4394-945F-415B867A9E46}.AppStore|Any CPU.Build.0 = Debug|Any CPU
		{FF8CE760-EB17-4394-945F-415B867A9E46}.AppStore|Any CPU.Deploy.0 = Debug|Any CPU
		{FF8CE760-EB17-4394-945F-415B867A9E46}.AppStore|iPhone.ActiveCfg = Debug|Any CPU
		{FF8CE760-EB17-4394-945F-415B867A9E46}.AppStore|iPhone.Build.0 = Debug|Any CPU
		{FF8CE760-EB17-4394-945F-415B867A9E46}.AppStore|iPhone.Deploy.0 = Debug|Any CPU
		{FF8CE760-EB17-4394-945F-415B867A9E46}.AppStore|iPhoneSimulator.ActiveCfg = Debug|Any CPU
		{FF8CE760-EB17-4394-945F-415B867A9E46}.AppStore|iPhoneSimulator.Build.0 = Debug|Any CPU
		{FF8CE760-EB17-4394-945F-415B867A9E46}.AppStore|iPhoneSimulator.Deploy.0 = Debug|Any CPU
		{FF8CE760-EB17-4394-945F-415B867A9E46}.Debug|Any CPU.ActiveCfg = Debug|Any CPU
		{FF8CE760-EB17-4394-945F-415B867A9E46}.Debug|Any CPU.Build.0 = Debug|Any CPU
		{FF8CE760-EB17-4394-945F-415B867A9E46}.Debug|Any CPU.Deploy.0 = Debug|Any CPU
		{FF8CE760-EB17-4394-945F-415B867A9E46}.Debug|iPhone.ActiveCfg = Debug|Any CPU
		{FF8CE760-EB17-4394-945F-415B867A9E46}.Debug|iPhone.Build.0 = Debug|Any CPU
		{FF8CE760-EB17-4394-945F-415B867A9E46}.Debug|iPhone.Deploy.0 = Debug|Any CPU
		{FF8CE760-EB17-4394-945F-415B867A9E46}.Debug|iPhoneSimulator.ActiveCfg = Debug|Any CPU
		{FF8CE760-EB17-4394-945F-415B867A9E46}.Debug|iPhoneSimulator.Build.0 = Debug|Any CPU
		{FF8CE760-EB17-4394-945F-415B867A9E46}.Debug|iPhoneSimulator.Deploy.0 = Debug|Any CPU
		{FF8CE760-EB17-4394-945F-415B867A9E46}.Release|Any CPU.ActiveCfg = Release|Any CPU
		{FF8CE760-EB17-4394-945F-415B867A9E46}.Release|Any CPU.Build.0 = Release|Any CPU
		{FF8CE760-EB17-4394-945F-415B867A9E46}.Release|Any CPU.Deploy.0 = Release|Any CPU
		{FF8CE760-EB17-4394-945F-415B867A9E46}.Release|iPhone.ActiveCfg = Release|Any CPU
		{FF8CE760-EB17-4394-945F-415B867A9E46}.Release|iPhone.Build.0 = Release|Any CPU
		{FF8CE760-EB17-4394-945F-415B867A9E46}.Release|iPhone.Deploy.0 = Release|Any CPU
		{FF8CE760-EB17-4394-945F-415B867A9E46}.Release|iPhoneSimulator.ActiveCfg = Release|Any CPU
		{FF8CE760-EB17-4394-945F-415B867A9E46}.Release|iPhoneSimulator.Build.0 = Release|Any CPU
		{FF8CE760-EB17-4394-945F-415B867A9E46}.Release|iPhoneSimulator.Deploy.0 = Release|Any CPU
	EndGlobalSection
	GlobalSection(SolutionProperties) = preSolution
		HideSolutionNode = FALSE
	EndGlobalSection
	GlobalSection(ExtensibilityGlobals) = postSolution
		SolutionGuid = {0C24C234-2869-4703-B7DF-1B94B1D0DEAB}
	EndGlobalSection
EndGlobal
